
Microsoft Visual Studio Solution File, Format Version 12.00
# Visual Studio 15
VisualStudioVersion = 15.0.27004.2009
MinimumVisualStudioVersion = 10.0.40219.1
Project("{FAE04EC0-301F-11D3-BF4B-00C04F79EFBC}") = "BarrageKyi", "BarrageKyi\BarrageKyi.csproj", "{02353658-24BF-427E-8DD6-F174F9FACB23}"
EndProject
Global
	GlobalSection(SolutionConfigurationPlatforms) = preSolution
		Debug|Any CPU = Debug|Any CPU
		Release|Any CPU = Release|Any CPU
	EndGlobalSection
	GlobalSection(ProjectConfigurationPlatforms) = postSolution
		{02353658-24BF-427E-8DD6-F174F9FACB23}.Debug|Any CPU.ActiveCfg = Debug|Any CPU
		{02353658-24BF-427E-8DD6-F174F9FACB23}.Debug|Any CPU.Build.0 = Debug|Any CPU
		{02353658-24BF-427E-8DD6-F174F9FACB23}.Release|Any CPU.ActiveCfg = Release|Any CPU
		{02353658-24BF-427E-8DD6-F174F9FACB23}.Release|Any CPU.Build.0 = Release|Any CPU
	EndGlobalSection
	GlobalSection(SolutionProperties) = preSolution
		HideSolutionNode = FALSE
	EndGlobalSection
	GlobalSection(ExtensibilityGlobals) = postSolution
		SolutionGuid = {C7A5F86F-486F-42E4-8836-1D2C3A57BF74}
	EndGlobalSection
EndGlobal
